
Microsoft Visual Studio Solution File, Format Version 12.00
# Visual Studio 15
VisualStudioVersion = 15.0.26730.16
MinimumVisualStudioVersion = 10.0.40219.1
Project("{FAE04EC0-301F-11D3-BF4B-00C04F79EFBC}") = "ModernStore.Domain", "MordenStore.Domain\ModernStore.Domain.csproj", "{840B63F9-16D4-467B-BFF3-32E42F40D308}"
EndProject
Project("{FAE04EC0-301F-11D3-BF4B-00C04F79EFBC}") = "ModernStore.Share", "ModernStore.Share\ModernStore.Share.csproj", "{FF24E582-39A2-4408-89E3-77C07D0400A1}"
EndProject
Global
	GlobalSection(SolutionConfigurationPlatforms) = preSolution
		Debug|Any CPU = Debug|Any CPU
		Release|Any CPU = Release|Any CPU
	EndGlobalSection
	GlobalSection(ProjectConfigurationPlatforms) = postSolution
		{840B63F9-16D4-467B-BFF3-32E42F40D308}.Debug|Any CPU.ActiveCfg = Debug|Any CPU
		{840B63F9-16D4-467B-BFF3-32E42F40D308}.Debug|Any CPU.Build.0 = Debug|Any CPU
		{840B63F9-16D4-467B-BFF3-32E42F40D308}.Release|Any CPU.ActiveCfg = Release|Any CPU
		{840B63F9-16D4-467B-BFF3-32E42F40D308}.Release|Any CPU.Build.0 = Release|Any CPU
		{FF24E582-39A2-4408-89E3-77C07D0400A1}.Debug|Any CPU.ActiveCfg = Debug|Any CPU
		{FF24E582-39A2-4408-89E3-77C07D0400A1}.Debug|Any CPU.Build.0 = Debug|Any CPU
		{FF24E582-39A2-4408-89E3-77C07D0400A1}.Release|Any CPU.ActiveCfg = Release|Any CPU
		{FF24E582-39A2-4408-89E3-77C07D0400A1}.Release|Any CPU.Build.0 = Release|Any CPU
	EndGlobalSection
	GlobalSection(SolutionProperties) = preSolution
		HideSolutionNode = FALSE
	EndGlobalSection
	GlobalSection(ExtensibilityGlobals) = postSolution
		SolutionGuid = {4749026F-B20D-4CD6-9156-F99AAF8F661F}
	EndGlobalSection
EndGlobal
